
Microsoft Visual Studio Solution File, Format Version 12.00
# Visual Studio Version 17
VisualStudioVersion = 17.1.32319.34
MinimumVisualStudioVersion = 10.0.40219.1
Project("{FAE04EC0-301F-11D3-BF4B-00C04F79EFBC}") = "ModernDesign", "ModernDesign\ModernDesign.csproj", "{2562C4C9-2813-4076-A2C9-3D7D82E9E414}"
EndProject
Global
	GlobalSection(SolutionConfigurationPlatforms) = preSolution
		Debug|Any CPU = Debug|Any CPU
		Release|Any CPU = Release|Any CPU
	EndGlobalSection
	GlobalSection(ProjectConfigurationPlatforms) = postSolution
		{2562C4C9-2813-4076-A2C9-3D7D82E9E414}.Debug|Any CPU.ActiveCfg = Debug|Any CPU
		{2562C4C9-2813-4076-A2C9-3D7D82E9E414}.Debug|Any CPU.Build.0 = Debug|Any CPU
		{2562C4C9-2813-4076-A2C9-3D7D82E9E414}.Release|Any CPU.ActiveCfg = Release|Any CPU
		{2562C4C9-2813-4076-A2C9-3D7D82E9E414}.Release|Any CPU.Build.0 = Release|Any CPU
	EndGlobalSection
	GlobalSection(SolutionProperties) = preSolution
		HideSolutionNode = FALSE
	EndGlobalSection
	GlobalSection(ExtensibilityGlobals) = postSolution
		SolutionGuid = {C3F241BC-6C37-46E2-A1CD-E2B52473C3DF}
	EndGlobalSection
EndGlobal
